// !$*UTF8*$!
{
	archiveVersion = 1;
	classes = {
	};
	objectVersion = 46;
	objects = {

/* Begin PBXBuildFile section */
		9A01B65B1CE3E9A900A6602A /* BrowserController.swift in Sources */ = {isa = PBXBuildFile; fileRef = 9A01B65A1CE3E9A900A6602A /* BrowserController.swift */; };
		9A01B65D1CE3EC9000A6602A /* BrowserViewCell.swift in Sources */ = {isa = PBXBuildFile; fileRef = 9A01B65C1CE3EC9000A6602A /* BrowserViewCell.swift */; };
		9A381E2C1CD0EF8400ED4C5C /* MPCHandler.swift in Sources */ = {isa = PBXBuildFile; fileRef = 9A381E2B1CD0EF8400ED4C5C /* MPCHandler.swift */; };
		9A381E361CD15ADE00ED4C5C /* ExternalAccessory.framework in Frameworks */ = {isa = PBXBuildFile; fileRef = 9A381E351CD15ADE00ED4C5C /* ExternalAccessory.framework */; };
		9A381E3B1CD1673500ED4C5C /* Starjedi.ttf in Resources */ = {isa = PBXBuildFile; fileRef = 9A381E3A1CD1673500ED4C5C /* Starjedi.ttf */; };
		9A381E3D1CD1674200ED4C5C /* Starjhol.ttf in Resources */ = {isa = PBXBuildFile; fileRef = 9A381E3C1CD1674200ED4C5C /* Starjhol.ttf */; };
		9A381E3F1CD1689800ED4C5C /* Fonts in Resources */ = {isa = PBXBuildFile; fileRef = 9A381E3E1CD1689800ED4C5C /* Fonts */; };
		9A4927C41CDB7E730038C1DF /* Explosion.sks in Resources */ = {isa = PBXBuildFile; fileRef = 9A4927C21CDB7E730038C1DF /* Explosion.sks */; };
		9A4927C51CDB7E730038C1DF /* spark.png in Resources */ = {isa = PBXBuildFile; fileRef = 9A4927C31CDB7E730038C1DF /* spark.png */; };
		9A4927C71CDB80EE0038C1DF /* Turbine.sks in Resources */ = {isa = PBXBuildFile; fileRef = 9A4927C61CDB80EE0038C1DF /* Turbine.sks */; };
		9A4927CB1CDB88D20038C1DF /* GameplayScene.sks in Resources */ = {isa = PBXBuildFile; fileRef = 9A4927CA1CDB88D20038C1DF /* GameplayScene.sks */; };
		9A518EB21CE20EBE009847A6 /* spark.png in Resources */ = {isa = PBXBuildFile; fileRef = 9A518EB01CE20EBE009847A6 /* spark.png */; };
		9A518EB41CE20F54009847A6 /* StarsFalling.scnp in Resources */ = {isa = PBXBuildFile; fileRef = 9A518EB31CE20F54009847A6 /* StarsFalling.scnp */; };
		9A51F0341CDC7F2F00E9760C /* star.png in Resources */ = {isa = PBXBuildFile; fileRef = 9A51F0321CDC7F2F00E9760C /* star.png */; };
		9A51F0381CDCF20A00E9760C /* CrystalParticle.sks in Resources */ = {isa = PBXBuildFile; fileRef = 9A51F0371CDCF20A00E9760C /* CrystalParticle.sks */; };
		9A6875A01CD38D0800AEE3B5 /* SpaceshipView.swift in Sources */ = {isa = PBXBuildFile; fileRef = 9A68759F1CD38D0800AEE3B5 /* SpaceshipView.swift */; };
		9A6875E31CD3B76600AEE3B5 /* Species.plist in Resources */ = {isa = PBXBuildFile; fileRef = 9A6875E21CD3B76600AEE3B5 /* Species.plist */; };
		9A6875E51CD5203700AEE3B5 /* ConnectionsListController.swift in Sources */ = {isa = PBXBuildFile; fileRef = 9A6875E41CD5203700AEE3B5 /* ConnectionsListController.swift */; };
		9A6875E71CD531CB00AEE3B5 /* ConnectionTableViewCell.swift in Sources */ = {isa = PBXBuildFile; fileRef = 9A6875E61CD531CB00AEE3B5 /* ConnectionTableViewCell.swift */; };
		9A6876291CD53D6000AEE3B5 /* GameplayController.swift in Sources */ = {isa = PBXBuildFile; fileRef = 9A6876281CD53D6000AEE3B5 /* GameplayController.swift */; };
		9A68762B1CD6037A00AEE3B5 /* Spaceship.swift in Sources */ = {isa = PBXBuildFile; fileRef = 9A68762A1CD6037A00AEE3B5 /* Spaceship.swift */; };
		9A68762D1CD6039000AEE3B5 /* Spacebase.swift in Sources */ = {isa = PBXBuildFile; fileRef = 9A68762C1CD6039000AEE3B5 /* Spacebase.swift */; };
		9A68762F1CD603B700AEE3B5 /* Bullet.swift in Sources */ = {isa = PBXBuildFile; fileRef = 9A68762E1CD603B700AEE3B5 /* Bullet.swift */; };
		9A6876311CD6044700AEE3B5 /* Crystal.swift in Sources */ = {isa = PBXBuildFile; fileRef = 9A6876301CD6044700AEE3B5 /* Crystal.swift */; };
		9A6876331CD604CB00AEE3B5 /* AnalogJoystick.swift in Sources */ = {isa = PBXBuildFile; fileRef = 9A6876321CD604CB00AEE3B5 /* AnalogJoystick.swift */; };
		9A866FBC1CDA800300D7FE14 /* Bar.swift in Sources */ = {isa = PBXBuildFile; fileRef = 9A866FBB1CDA800300D7FE14 /* Bar.swift */; };
		9A8781AE1CDDF25800B34BA0 /* Message.swift in Sources */ = {isa = PBXBuildFile; fileRef = 9A8781AD1CDDF25800B34BA0 /* Message.swift */; };
		9A902DC81CCF658B000EB20B /* AppDelegate.swift in Sources */ = {isa = PBXBuildFile; fileRef = 9A902DC71CCF658B000EB20B /* AppDelegate.swift */; };
		9A902DCC1CCF658B000EB20B /* GameplayScene.swift in Sources */ = {isa = PBXBuildFile; fileRef = 9A902DCB1CCF658B000EB20B /* GameplayScene.swift */; };
		9A902DCE1CCF658B000EB20B /* MainMenuController.swift in Sources */ = {isa = PBXBuildFile; fileRef = 9A902DCD1CCF658B000EB20B /* MainMenuController.swift */; };
		9A902DD11CCF658B000EB20B /* Main.storyboard in Resources */ = {isa = PBXBuildFile; fileRef = 9A902DCF1CCF658B000EB20B /* Main.storyboard */; };
		9A902DD31CCF658B000EB20B /* Assets.xcassets in Resources */ = {isa = PBXBuildFile; fileRef = 9A902DD21CCF658B000EB20B /* Assets.xcassets */; };
		9A902DE11CCF658B000EB20B /* StarTrekTests.swift in Sources */ = {isa = PBXBuildFile; fileRef = 9A902DE01CCF658B000EB20B /* StarTrekTests.swift */; };
		9A902DEC1CCF658B000EB20B /* StarTrekUITests.swift in Sources */ = {isa = PBXBuildFile; fileRef = 9A902DEB1CCF658B000EB20B /* StarTrekUITests.swift */; };
		9ACE53621CD1F71C00E4D289 /* NewGameViewController.swift in Sources */ = {isa = PBXBuildFile; fileRef = 9ACE53611CD1F71C00E4D289 /* NewGameViewController.swift */; };
		9AF097381CE3874F00D2AD6F /* ExitGameController.swift in Sources */ = {isa = PBXBuildFile; fileRef = 9AF097371CE3874F00D2AD6F /* ExitGameController.swift */; };
/* End PBXBuildFile section */

/* Begin PBXContainerItemProxy section */
		9A902DDD1CCF658B000EB20B /* PBXContainerItemProxy */ = {
			isa = PBXContainerItemProxy;
			containerPortal = 9A902DBC1CCF658A000EB20B /* Project object */;
			proxyType = 1;
			remoteGlobalIDString = 9A902DC31CCF658B000EB20B;
			remoteInfo = StarTrek;
		};
		9A902DE81CCF658B000EB20B /* PBXContainerItemProxy */ = {
			isa = PBXContainerItemProxy;
			containerPortal = 9A902DBC1CCF658A000EB20B /* Project object */;
			proxyType = 1;
			remoteGlobalIDString = 9A902DC31CCF658B000EB20B;
			remoteInfo = StarTrek;
		};
/* End PBXContainerItemProxy section */

/* Begin PBXFileReference section */
		9A01B65A1CE3E9A900A6602A /* BrowserController.swift */ = {isa = PBXFileReference; fileEncoding = 4; lastKnownFileType = sourcecode.swift; path = BrowserController.swift; sourceTree = "<group>"; };
		9A01B65C1CE3EC9000A6602A /* BrowserViewCell.swift */ = {isa = PBXFileReference; fileEncoding = 4; lastKnownFileType = sourcecode.swift; path = BrowserViewCell.swift; sourceTree = "<group>"; };
		9A381E2B1CD0EF8400ED4C5C /* MPCHandler.swift */ = {isa = PBXFileReference; fileEncoding = 4; lastKnownFileType = sourcecode.swift; path = MPCHandler.swift; sourceTree = "<group>"; };
		9A381E351CD15ADE00ED4C5C /* ExternalAccessory.framework */ = {isa = PBXFileReference; lastKnownFileType = wrapper.framework; name = ExternalAccessory.framework; path = System/Library/Frameworks/ExternalAccessory.framework; sourceTree = SDKROOT; };
		9A381E371CD15ADE00ED4C5C /* StarTrek.entitlements */ = {isa = PBXFileReference; lastKnownFileType = text.xml; path = StarTrek.entitlements; sourceTree = "<group>"; };
		9A381E3A1CD1673500ED4C5C /* Starjedi.ttf */ = {isa = PBXFileReference; lastKnownFileType = file; path = Starjedi.ttf; sourceTree = "<group>"; };
		9A381E3C1CD1674200ED4C5C /* Starjhol.ttf */ = {isa = PBXFileReference; lastKnownFileType = file; path = Starjhol.ttf; sourceTree = "<group>"; };
		9A381E3E1CD1689800ED4C5C /* Fonts */ = {isa = PBXFileReference; lastKnownFileType = folder; path = Fonts; sourceTree = "<group>"; };
		9A4927C21CDB7E730038C1DF /* Explosion.sks */ = {isa = PBXFileReference; lastKnownFileType = file.sks; path = Explosion.sks; sourceTree = "<group>"; };
		9A4927C31CDB7E730038C1DF /* spark.png */ = {isa = PBXFileReference; lastKnownFileType = image.png; path = spark.png; sourceTree = "<group>"; };
		9A4927C61CDB80EE0038C1DF /* Turbine.sks */ = {isa = PBXFileReference; lastKnownFileType = file.sks; path = Turbine.sks; sourceTree = "<group>"; };
		9A4927CA1CDB88D20038C1DF /* GameplayScene.sks */ = {isa = PBXFileReference; lastKnownFileType = file.sks; path = GameplayScene.sks; sourceTree = "<group>"; };
		9A518EB01CE20EBE009847A6 /* spark.png */ = {isa = PBXFileReference; lastKnownFileType = image.png; path = spark.png; sourceTree = "<group>"; };
		9A518EB31CE20F54009847A6 /* StarsFalling.scnp */ = {isa = PBXFileReference; lastKnownFileType = file.scp; path = StarsFalling.scnp; sourceTree = "<group>"; };
		9A51F0321CDC7F2F00E9760C /* star.png */ = {isa = PBXFileReference; lastKnownFileType = image.png; path = star.png; sourceTree = "<group>"; };
		9A51F0371CDCF20A00E9760C /* CrystalParticle.sks */ = {isa = PBXFileReference; lastKnownFileType = file.sks; path = CrystalParticle.sks; sourceTree = "<group>"; };
		9A68759F1CD38D0800AEE3B5 /* SpaceshipView.swift */ = {isa = PBXFileReference; fileEncoding = 4; lastKnownFileType = sourcecode.swift; path = SpaceshipView.swift; sourceTree = "<group>"; };
		9A6875E21CD3B76600AEE3B5 /* Species.plist */ = {isa = PBXFileReference; fileEncoding = 4; lastKnownFileType = text.plist.xml; path = Species.plist; sourceTree = "<group>"; };
		9A6875E41CD5203700AEE3B5 /* ConnectionsListController.swift */ = {isa = PBXFileReference; fileEncoding = 4; lastKnownFileType = sourcecode.swift; path = ConnectionsListController.swift; sourceTree = "<group>"; };
		9A6875E61CD531CB00AEE3B5 /* ConnectionTableViewCell.swift */ = {isa = PBXFileReference; fileEncoding = 4; lastKnownFileType = sourcecode.swift; path = ConnectionTableViewCell.swift; sourceTree = "<group>"; };
		9A6876281CD53D6000AEE3B5 /* GameplayController.swift */ = {isa = PBXFileReference; fileEncoding = 4; lastKnownFileType = sourcecode.swift; path = GameplayController.swift; sourceTree = "<group>"; };
		9A68762A1CD6037A00AEE3B5 /* Spaceship.swift */ = {isa = PBXFileReference; fileEncoding = 4; lastKnownFileType = sourcecode.swift; path = Spaceship.swift; sourceTree = "<group>"; };
		9A68762C1CD6039000AEE3B5 /* Spacebase.swift */ = {isa = PBXFileReference; fileEncoding = 4; lastKnownFileType = sourcecode.swift; path = Spacebase.swift; sourceTree = "<group>"; };
		9A68762E1CD603B700AEE3B5 /* Bullet.swift */ = {isa = PBXFileReference; fileEncoding = 4; lastKnownFileType = sourcecode.swift; path = Bullet.swift; sourceTree = "<group>"; };
		9A6876301CD6044700AEE3B5 /* Crystal.swift */ = {isa = PBXFileReference; fileEncoding = 4; lastKnownFileType = sourcecode.swift; path = Crystal.swift; sourceTree = "<group>"; };
		9A6876321CD604CB00AEE3B5 /* AnalogJoystick.swift */ = {isa = PBXFileReference; fileEncoding = 4; lastKnownFileType = sourcecode.swift; path = AnalogJoystick.swift; sourceTree = "<group>"; };
		9A866FBB1CDA800300D7FE14 /* Bar.swift */ = {isa = PBXFileReference; fileEncoding = 4; lastKnownFileType = sourcecode.swift; path = Bar.swift; sourceTree = "<group>"; };
		9A8781AD1CDDF25800B34BA0 /* Message.swift */ = {isa = PBXFileReference; fileEncoding = 4; lastKnownFileType = sourcecode.swift; path = Message.swift; sourceTree = "<group>"; };
		9A902DC41CCF658B000EB20B /* StarTrek.app */ = {isa = PBXFileReference; explicitFileType = wrapper.application; includeInIndex = 0; path = StarTrek.app; sourceTree = BUILT_PRODUCTS_DIR; };
		9A902DC71CCF658B000EB20B /* AppDelegate.swift */ = {isa = PBXFileReference; lastKnownFileType = sourcecode.swift; path = AppDelegate.swift; sourceTree = "<group>"; };
		9A902DCB1CCF658B000EB20B /* GameplayScene.swift */ = {isa = PBXFileReference; lastKnownFileType = sourcecode.swift; path = GameplayScene.swift; sourceTree = "<group>"; };
		9A902DCD1CCF658B000EB20B /* MainMenuController.swift */ = {isa = PBXFileReference; lastKnownFileType = sourcecode.swift; path = MainMenuController.swift; sourceTree = "<group>"; };
		9A902DD01CCF658B000EB20B /* Base */ = {isa = PBXFileReference; lastKnownFileType = file.storyboard; name = Base; path = Base.lproj/Main.storyboard; sourceTree = "<group>"; };
		9A902DD21CCF658B000EB20B /* Assets.xcassets */ = {isa = PBXFileReference; lastKnownFileType = folder.assetcatalog; path = Assets.xcassets; sourceTree = "<group>"; };
		9A902DD71CCF658B000EB20B /* Info.plist */ = {isa = PBXFileReference; lastKnownFileType = text.plist.xml; path = Info.plist; sourceTree = "<group>"; };
		9A902DDC1CCF658B000EB20B /* StarTrekTests.xctest */ = {isa = PBXFileReference; explicitFileType = wrapper.cfbundle; includeInIndex = 0; path = StarTrekTests.xctest; sourceTree = BUILT_PRODUCTS_DIR; };
		9A902DE01CCF658B000EB20B /* StarTrekTests.swift */ = {isa = PBXFileReference; lastKnownFileType = sourcecode.swift; path = StarTrekTests.swift; sourceTree = "<group>"; };
		9A902DE21CCF658B000EB20B /* Info.plist */ = {isa = PBXFileReference; lastKnownFileType = text.plist.xml; path = Info.plist; sourceTree = "<group>"; };
		9A902DE71CCF658B000EB20B /* StarTrekUITests.xctest */ = {isa = PBXFileReference; explicitFileType = wrapper.cfbundle; includeInIndex = 0; path = StarTrekUITests.xctest; sourceTree = BUILT_PRODUCTS_DIR; };
		9A902DEB1CCF658B000EB20B /* StarTrekUITests.swift */ = {isa = PBXFileReference; lastKnownFileType = sourcecode.swift; path = StarTrekUITests.swift; sourceTree = "<group>"; };
		9A902DED1CCF658B000EB20B /* Info.plist */ = {isa = PBXFileReference; lastKnownFileType = text.plist.xml; path = Info.plist; sourceTree = "<group>"; };
		9ACE53611CD1F71C00E4D289 /* NewGameViewController.swift */ = {isa = PBXFileReference; fileEncoding = 4; lastKnownFileType = sourcecode.swift; path = NewGameViewController.swift; sourceTree = "<group>"; };
		9AF097371CE3874F00D2AD6F /* ExitGameController.swift */ = {isa = PBXFileReference; fileEncoding = 4; lastKnownFileType = sourcecode.swift; path = ExitGameController.swift; sourceTree = "<group>"; };
/* End PBXFileReference section */

/* Begin PBXFrameworksBuildPhase section */
		9A902DC11CCF658B000EB20B /* Frameworks */ = {
			isa = PBXFrameworksBuildPhase;
			buildActionMask = 2147483647;
			files = (
				9A381E361CD15ADE00ED4C5C /* ExternalAccessory.framework in Frameworks */,
			);
			runOnlyForDeploymentPostprocessing = 0;
		};
		9A902DD91CCF658B000EB20B /* Frameworks */ = {
			isa = PBXFrameworksBuildPhase;
			buildActionMask = 2147483647;
			files = (
			);
			runOnlyForDeploymentPostprocessing = 0;
		};
		9A902DE41CCF658B000EB20B /* Frameworks */ = {
			isa = PBXFrameworksBuildPhase;
			buildActionMask = 2147483647;
			files = (
			);
			runOnlyForDeploymentPostprocessing = 0;
		};
/* End PBXFrameworksBuildPhase section */

/* Begin PBXGroup section */
		9A866FB51CDA77AE00D7FE14 /* Controllers */ = {
			isa = PBXGroup;
			children = (
				9A6876281CD53D6000AEE3B5 /* GameplayController.swift */,
				9A6875E41CD5203700AEE3B5 /* ConnectionsListController.swift */,
				9ACE53611CD1F71C00E4D289 /* NewGameViewController.swift */,
				9A902DCD1CCF658B000EB20B /* MainMenuController.swift */,
				9AF097371CE3874F00D2AD6F /* ExitGameController.swift */,
				9A01B65A1CE3E9A900A6602A /* BrowserController.swift */,
			);
			name = Controllers;
			sourceTree = "<group>";
		};
		9A866FB61CDA77EB00D7FE14 /* MCObjects */ = {
			isa = PBXGroup;
			children = (
				9A381E2B1CD0EF8400ED4C5C /* MPCHandler.swift */,
				9A8781AD1CDDF25800B34BA0 /* Message.swift */,
			);
			name = MCObjects;
			sourceTree = "<group>";
		};
		9A866FB71CDA780000D7FE14 /* Sprites */ = {
			isa = PBXGroup;
			children = (
				9A68762A1CD6037A00AEE3B5 /* Spaceship.swift */,
				9A68762C1CD6039000AEE3B5 /* Spacebase.swift */,
				9A6876321CD604CB00AEE3B5 /* AnalogJoystick.swift */,
				9A6876301CD6044700AEE3B5 /* Crystal.swift */,
				9A68762E1CD603B700AEE3B5 /* Bullet.swift */,
				9A866FBB1CDA800300D7FE14 /* Bar.swift */,
			);
			name = Sprites;
			sourceTree = "<group>";
		};
		9A866FB81CDA781B00D7FE14 /* Views */ = {
			isa = PBXGroup;
			children = (
				9A68759F1CD38D0800AEE3B5 /* SpaceshipView.swift */,
				9A4927CA1CDB88D20038C1DF /* GameplayScene.sks */,
				9A6875E61CD531CB00AEE3B5 /* ConnectionTableViewCell.swift */,
				9A902DCB1CCF658B000EB20B /* GameplayScene.swift */,
				9A01B65C1CE3EC9000A6602A /* BrowserViewCell.swift */,
			);
			name = Views;
			sourceTree = "<group>";
		};
		9A902DBB1CCF658A000EB20B = {
			isa = PBXGroup;
			children = (
				9A518EB01CE20EBE009847A6 /* spark.png */,
				9A381E351CD15ADE00ED4C5C /* ExternalAccessory.framework */,
				9A902DC61CCF658B000EB20B /* StarTrek */,
				9A902DDF1CCF658B000EB20B /* StarTrekTests */,
				9A902DEA1CCF658B000EB20B /* StarTrekUITests */,
				9A902DC51CCF658B000EB20B /* Products */,
			);
			sourceTree = "<group>";
		};
		9A902DC51CCF658B000EB20B /* Products */ = {
			isa = PBXGroup;
			children = (
				9A902DC41CCF658B000EB20B /* StarTrek.app */,
				9A902DDC1CCF658B000EB20B /* StarTrekTests.xctest */,
				9A902DE71CCF658B000EB20B /* StarTrekUITests.xctest */,
			);
			name = Products;
			sourceTree = "<group>";
		};
		9A902DC61CCF658B000EB20B /* StarTrek */ = {
			isa = PBXGroup;
			children = (
				9A866FB81CDA781B00D7FE14 /* Views */,
				9A866FB71CDA780000D7FE14 /* Sprites */,
				9A866FB61CDA77EB00D7FE14 /* MCObjects */,
				9A866FB51CDA77AE00D7FE14 /* Controllers */,
				9A381E3C1CD1674200ED4C5C /* Starjhol.ttf */,
				9A381E3A1CD1673500ED4C5C /* Starjedi.ttf */,
				9A381E3E1CD1689800ED4C5C /* Fonts */,
				9A381E371CD15ADE00ED4C5C /* StarTrek.entitlements */,
				9A902DC71CCF658B000EB20B /* AppDelegate.swift */,
				9A902DCF1CCF658B000EB20B /* Main.storyboard */,
				9A902DD21CCF658B000EB20B /* Assets.xcassets */,
				9A902DD71CCF658B000EB20B /* Info.plist */,
				9A6875E21CD3B76600AEE3B5 /* Species.plist */,
				9A4927C21CDB7E730038C1DF /* Explosion.sks */,
				9A4927C31CDB7E730038C1DF /* spark.png */,
				9A4927C61CDB80EE0038C1DF /* Turbine.sks */,
				9A51F0321CDC7F2F00E9760C /* star.png */,
				9A51F0371CDCF20A00E9760C /* CrystalParticle.sks */,
				9A518EB31CE20F54009847A6 /* StarsFalling.scnp */,
			);
			path = StarTrek;
			sourceTree = "<group>";
		};
		9A902DDF1CCF658B000EB20B /* StarTrekTests */ = {
			isa = PBXGroup;
			children = (
				9A902DE01CCF658B000EB20B /* StarTrekTests.swift */,
				9A902DE21CCF658B000EB20B /* Info.plist */,
			);
			path = StarTrekTests;
			sourceTree = "<group>";
		};
		9A902DEA1CCF658B000EB20B /* StarTrekUITests */ = {
			isa = PBXGroup;
			children = (
				9A902DEB1CCF658B000EB20B /* StarTrekUITests.swift */,
				9A902DED1CCF658B000EB20B /* Info.plist */,
			);
			path = StarTrekUITests;
			sourceTree = "<group>";
		};
/* End PBXGroup section */

/* Begin PBXNativeTarget section */
		9A902DC31CCF658B000EB20B /* StarTrek */ = {
			isa = PBXNativeTarget;
			buildConfigurationList = 9A902DF01CCF658B000EB20B /* Build configuration list for PBXNativeTarget "StarTrek" */;
			buildPhases = (
				9A902DC01CCF658B000EB20B /* Sources */,
				9A902DC11CCF658B000EB20B /* Frameworks */,
				9A902DC21CCF658B000EB20B /* Resources */,
			);
			buildRules = (
			);
			dependencies = (
			);
			name = StarTrek;
			productName = StarTrek;
			productReference = 9A902DC41CCF658B000EB20B /* StarTrek.app */;
			productType = "com.apple.product-type.application";
		};
		9A902DDB1CCF658B000EB20B /* StarTrekTests */ = {
			isa = PBXNativeTarget;
			buildConfigurationList = 9A902DF31CCF658B000EB20B /* Build configuration list for PBXNativeTarget "StarTrekTests" */;
			buildPhases = (
				9A902DD81CCF658B000EB20B /* Sources */,
				9A902DD91CCF658B000EB20B /* Frameworks */,
				9A902DDA1CCF658B000EB20B /* Resources */,
			);
			buildRules = (
			);
			dependencies = (
				9A902DDE1CCF658B000EB20B /* PBXTargetDependency */,
			);
			name = StarTrekTests;
			productName = StarTrekTests;
			productReference = 9A902DDC1CCF658B000EB20B /* StarTrekTests.xctest */;
			productType = "com.apple.product-type.bundle.unit-test";
		};
		9A902DE61CCF658B000EB20B /* StarTrekUITests */ = {
			isa = PBXNativeTarget;
			buildConfigurationList = 9A902DF61CCF658B000EB20B /* Build configuration list for PBXNativeTarget "StarTrekUITests" */;
			buildPhases = (
				9A902DE31CCF658B000EB20B /* Sources */,
				9A902DE41CCF658B000EB20B /* Frameworks */,
				9A902DE51CCF658B000EB20B /* Resources */,
			);
			buildRules = (
			);
			dependencies = (
				9A902DE91CCF658B000EB20B /* PBXTargetDependency */,
			);
			name = StarTrekUITests;
			productName = StarTrekUITests;
			productReference = 9A902DE71CCF658B000EB20B /* StarTrekUITests.xctest */;
			productType = "com.apple.product-type.bundle.ui-testing";
		};
/* End PBXNativeTarget section */

/* Begin PBXProject section */
		9A902DBC1CCF658A000EB20B /* Project object */ = {
			isa = PBXProject;
			attributes = {
				LastSwiftUpdateCheck = 0730;
				LastUpgradeCheck = 0730;
				ORGANIZATIONNAME = "Andrii Chubatiuk";
				TargetAttributes = {
					9A902DC31CCF658B000EB20B = {
						CreatedOnToolsVersion = 7.3;
						DevelopmentTeam = 5649HXA2SW;
						SystemCapabilities = {
							com.apple.BackgroundModes = {
								enabled = 0;
							};
							com.apple.WAC = {
								enabled = 1;
							};
						};
					};
					9A902DDB1CCF658B000EB20B = {
						CreatedOnToolsVersion = 7.3;
						TestTargetID = 9A902DC31CCF658B000EB20B;
					};
					9A902DE61CCF658B000EB20B = {
						CreatedOnToolsVersion = 7.3;
						TestTargetID = 9A902DC31CCF658B000EB20B;
					};
				};
			};
			buildConfigurationList = 9A902DBF1CCF658A000EB20B /* Build configuration list for PBXProject "StarTrek" */;
			compatibilityVersion = "Xcode 3.2";
			developmentRegion = English;
			hasScannedForEncodings = 0;
			knownRegions = (
				en,
				Base,
			);
			mainGroup = 9A902DBB1CCF658A000EB20B;
			productRefGroup = 9A902DC51CCF658B000EB20B /* Products */;
			projectDirPath = "";
			projectRoot = "";
			targets = (
				9A902DC31CCF658B000EB20B /* StarTrek */,
				9A902DDB1CCF658B000EB20B /* StarTrekTests */,
				9A902DE61CCF658B000EB20B /* StarTrekUITests */,
			);
		};
/* End PBXProject section */

/* Begin PBXResourcesBuildPhase section */
		9A902DC21CCF658B000EB20B /* Resources */ = {
			isa = PBXResourcesBuildPhase;
			buildActionMask = 2147483647;
			files = (
				9A902DD31CCF658B000EB20B /* Assets.xcassets in Resources */,
				9A4927C51CDB7E730038C1DF /* spark.png in Resources */,
				9A518EB21CE20EBE009847A6 /* spark.png in Resources */,
				9A518EB41CE20F54009847A6 /* StarsFalling.scnp in Resources */,
				9A6875E31CD3B76600AEE3B5 /* Species.plist in Resources */,
				9A381E3B1CD1673500ED4C5C /* Starjedi.ttf in Resources */,
				9A51F0381CDCF20A00E9760C /* CrystalParticle.sks in Resources */,
				9A381E3D1CD1674200ED4C5C /* Starjhol.ttf in Resources */,
				9A51F0341CDC7F2F00E9760C /* star.png in Resources */,
				9A4927CB1CDB88D20038C1DF /* GameplayScene.sks in Resources */,
				9A4927C71CDB80EE0038C1DF /* Turbine.sks in Resources */,
				9A4927C41CDB7E730038C1DF /* Explosion.sks in Resources */,
				9A902DD11CCF658B000EB20B /* Main.storyboard in Resources */,
				9A381E3F1CD1689800ED4C5C /* Fonts in Resources */,
			);
			runOnlyForDeploymentPostprocessing = 0;
		};
		9A902DDA1CCF658B000EB20B /* Resources */ = {
			isa = PBXResourcesBuildPhase;
			buildActionMask = 2147483647;
			files = (
			);
			runOnlyForDeploymentPostprocessing = 0;
		};
		9A902DE51CCF658B000EB20B /* Resources */ = {
			isa = PBXResourcesBuildPhase;
			buildActionMask = 2147483647;
			files = (
			);
			runOnlyForDeploymentPostprocessing = 0;
		};
/* End PBXResourcesBuildPhase section */

/* Begin PBXSourcesBuildPhase section */
		9A902DC01CCF658B000EB20B /* Sources */ = {
			isa = PBXSourcesBuildPhase;
			buildActionMask = 2147483647;
			files = (
				9A902DCC1CCF658B000EB20B /* GameplayScene.swift in Sources */,
				9AF097381CE3874F00D2AD6F /* ExitGameController.swift in Sources */,
				9A68762B1CD6037A00AEE3B5 /* Spaceship.swift in Sources */,
				9A6875E51CD5203700AEE3B5 /* ConnectionsListController.swift in Sources */,
				9A381E2C1CD0EF8400ED4C5C /* MPCHandler.swift in Sources */,
				9A6875E71CD531CB00AEE3B5 /* ConnectionTableViewCell.swift in Sources */,
				9A902DCE1CCF658B000EB20B /* MainMenuController.swift in Sources */,
				9A8781AE1CDDF25800B34BA0 /* Message.swift in Sources */,
				9ACE53621CD1F71C00E4D289 /* NewGameViewController.swift in Sources */,
				9A902DC81CCF658B000EB20B /* AppDelegate.swift in Sources */,
				9A01B65B1CE3E9A900A6602A /* BrowserController.swift in Sources */,
				9A6876291CD53D6000AEE3B5 /* GameplayController.swift in Sources */,
				9A6875A01CD38D0800AEE3B5 /* SpaceshipView.swift in Sources */,
				9A866FBC1CDA800300D7FE14 /* Bar.swift in Sources */,
				9A01B65D1CE3EC9000A6602A /* BrowserViewCell.swift in Sources */,
				9A68762D1CD6039000AEE3B5 /* Spacebase.swift in Sources */,
				9A68762F1CD603B700AEE3B5 /* Bullet.swift in Sources */,
				9A6876311CD6044700AEE3B5 /* Crystal.swift in Sources */,
				9A6876331CD604CB00AEE3B5 /* AnalogJoystick.swift in Sources */,
			);
			runOnlyForDeploymentPostprocessing = 0;
		};
		9A902DD81CCF658B000EB20B /* Sources */ = {
			isa = PBXSourcesBuildPhase;
			buildActionMask = 2147483647;
			files = (
				9A902DE11CCF658B000EB20B /* StarTrekTests.swift in Sources */,
			);
			runOnlyForDeploymentPostprocessing = 0;
		};
		9A902DE31CCF658B000EB20B /* Sources */ = {
			isa = PBXSourcesBuildPhase;
			buildActionMask = 2147483647;
			files = (
				9A902DEC1CCF658B000EB20B /* StarTrekUITests.swift in Sources */,
			);
			runOnlyForDeploymentPostprocessing = 0;
		};
/* End PBXSourcesBuildPhase section */

/* Begin PBXTargetDependency section */
		9A902DDE1CCF658B000EB20B /* PBXTargetDependency */ = {
			isa = PBXTargetDependency;
			target = 9A902DC31CCF658B000EB20B /* StarTrek */;
			targetProxy = 9A902DDD1CCF658B000EB20B /* PBXContainerItemProxy */;
		};
		9A902DE91CCF658B000EB20B /* PBXTargetDependency */ = {
			isa = PBXTargetDependency;
			target = 9A902DC31CCF658B000EB20B /* StarTrek */;
			targetProxy = 9A902DE81CCF658B000EB20B /* PBXContainerItemProxy */;
		};
/* End PBXTargetDependency section */

/* Begin PBXVariantGroup section */
		9A902DCF1CCF658B000EB20B /* Main.storyboard */ = {
			isa = PBXVariantGroup;
			children = (
				9A902DD01CCF658B000EB20B /* Base */,
			);
			name = Main.storyboard;
			sourceTree = "<group>";
		};
/* End PBXVariantGroup section */

/* Begin XCBuildConfiguration section */
		9A902DEE1CCF658B000EB20B /* Debug */ = {
			isa = XCBuildConfiguration;
			buildSettings = {
				ALWAYS_SEARCH_USER_PATHS = NO;
				CLANG_ANALYZER_NONNULL = YES;
				CLANG_CXX_LANGUAGE_STANDARD = "gnu++0x";
				CLANG_CXX_LIBRARY = "libc++";
				CLANG_ENABLE_MODULES = YES;
				CLANG_ENABLE_OBJC_ARC = YES;
				CLANG_WARN_BOOL_CONVERSION = YES;
				CLANG_WARN_CONSTANT_CONVERSION = YES;
				CLANG_WARN_DIRECT_OBJC_ISA_USAGE = YES_ERROR;
				CLANG_WARN_EMPTY_BODY = YES;
				CLANG_WARN_ENUM_CONVERSION = YES;
				CLANG_WARN_INT_CONVERSION = YES;
				CLANG_WARN_OBJC_ROOT_CLASS = YES_ERROR;
				CLANG_WARN_UNREACHABLE_CODE = YES;
				CLANG_WARN__DUPLICATE_METHOD_MATCH = YES;
				"CODE_SIGN_IDENTITY[sdk=iphoneos*]" = "iPhone Developer";
				COPY_PHASE_STRIP = NO;
				DEBUG_INFORMATION_FORMAT = "dwarf-with-dsym";
				ENABLE_STRICT_OBJC_MSGSEND = YES;
				ENABLE_TESTABILITY = YES;
				GCC_C_LANGUAGE_STANDARD = gnu99;
				GCC_DYNAMIC_NO_PIC = NO;
				GCC_NO_COMMON_BLOCKS = YES;
				GCC_OPTIMIZATION_LEVEL = 0;
				GCC_PREPROCESSOR_DEFINITIONS = (
					"DEBUG=1",
					"$(inherited)",
				);
				GCC_WARN_64_TO_32_BIT_CONVERSION = YES;
				GCC_WARN_ABOUT_RETURN_TYPE = YES_ERROR;
				GCC_WARN_UNDECLARED_SELECTOR = YES;
				GCC_WARN_UNINITIALIZED_AUTOS = YES_AGGRESSIVE;
				GCC_WARN_UNUSED_FUNCTION = YES;
				GCC_WARN_UNUSED_VARIABLE = YES;
				IPHONEOS_DEPLOYMENT_TARGET = 9.3;
				MTL_ENABLE_DEBUG_INFO = YES;
				ONLY_ACTIVE_ARCH = YES;
				SDKROOT = iphoneos;
				SWIFT_OPTIMIZATION_LEVEL = "-Onone";
				TARGETED_DEVICE_FAMILY = "1,2";
			};
			name = Debug;
		};
		9A902DEF1CCF658B000EB20B /* Release */ = {
			isa = XCBuildConfiguration;
			buildSettings = {
				ALWAYS_SEARCH_USER_PATHS = NO;
				CLANG_ANALYZER_NONNULL = YES;
				CLANG_CXX_LANGUAGE_STANDARD = "gnu++0x";
				CLANG_CXX_LIBRARY = "libc++";
				CLANG_ENABLE_MODULES = YES;
				CLANG_ENABLE_OBJC_ARC = YES;
				CLANG_WARN_BOOL_CONVERSION = YES;
				CLANG_WARN_CONSTANT_CONVERSION = YES;
				CLANG_WARN_DIRECT_OBJC_ISA_USAGE = YES_ERROR;
				CLANG_WARN_EMPTY_BODY = YES;
				CLANG_WARN_ENUM_CONVERSION = YES;
				CLANG_WARN_INT_CONVERSION = YES;
				CLANG_WARN_OBJC_ROOT_CLASS = YES_ERROR;
				CLANG_WARN_UNREACHABLE_CODE = YES;
				CLANG_WARN__DUPLICATE_METHOD_MATCH = YES;
				"CODE_SIGN_IDENTITY[sdk=iphoneos*]" = "iPhone Developer";
				COPY_PHASE_STRIP = NO;
				DEBUG_INFORMATION_FORMAT = "dwarf-with-dsym";
				ENABLE_NS_ASSERTIONS = NO;
				ENABLE_STRICT_OBJC_MSGSEND = YES;
				GCC_C_LANGUAGE_STANDARD = gnu99;
				GCC_NO_COMMON_BLOCKS = YES;
				GCC_WARN_64_TO_32_BIT_CONVERSION = YES;
				GCC_WARN_ABOUT_RETURN_TYPE = YES_ERROR;
				GCC_WARN_UNDECLARED_SELECTOR = YES;
				GCC_WARN_UNINITIALIZED_AUTOS = YES_AGGRESSIVE;
				GCC_WARN_UNUSED_FUNCTION = YES;
				GCC_WARN_UNUSED_VARIABLE = YES;
				IPHONEOS_DEPLOYMENT_TARGET = 9.3;
				MTL_ENABLE_DEBUG_INFO = NO;
				SDKROOT = iphoneos;
				TARGETED_DEVICE_FAMILY = "1,2";
				VALIDATE_PRODUCT = YES;
			};
			name = Release;
		};
		9A902DF11CCF658B000EB20B /* Debug */ = {
			isa = XCBuildConfiguration;
			buildSettings = {
				ASSETCATALOG_COMPILER_APPICON_NAME = AppIcon;
				CODE_SIGN_ENTITLEMENTS = StarTrek/StarTrek.entitlements;
				CODE_SIGN_IDENTITY = "iPhone Developer";
				"CODE_SIGN_IDENTITY[sdk=iphoneos*]" = "iPhone Developer";
				INFOPLIST_FILE = StarTrek/Info.plist;
				LD_RUNPATH_SEARCH_PATHS = "$(inherited) @executable_path/Frameworks";
				PRODUCT_BUNDLE_IDENTIFIER = com.default.StarTrek;
				PRODUCT_NAME = "$(TARGET_NAME)";
				PROVISIONING_PROFILE = "";
			};
			name = Debug;
		};
		9A902DF21CCF658B000EB20B /* Release */ = {
			isa = XCBuildConfiguration;
			buildSettings = {
				ASSETCATALOG_COMPILER_APPICON_NAME = AppIcon;
				CODE_SIGN_ENTITLEMENTS = StarTrek/StarTrek.entitlements;
				CODE_SIGN_IDENTITY = "iPhone Developer";
				"CODE_SIGN_IDENTITY[sdk=iphoneos*]" = "iPhone Developer";
				INFOPLIST_FILE = StarTrek/Info.plist;
				LD_RUNPATH_SEARCH_PATHS = "$(inherited) @executable_path/Frameworks";
				PRODUCT_BUNDLE_IDENTIFIER = com.default.StarTrek;
				PRODUCT_NAME = "$(TARGET_NAME)";
				PROVISIONING_PROFILE = "";
			};
			name = Release;
		};
		9A902DF41CCF658B000EB20B /* Debug */ = {
			isa = XCBuildConfiguration;
			buildSettings = {
				BUNDLE_LOADER = "$(TEST_HOST)";
				DEBUG_INFORMATION_FORMAT = dwarf;
				INFOPLIST_FILE = StarTrekTests/Info.plist;
				LD_RUNPATH_SEARCH_PATHS = "$(inherited) @executable_path/Frameworks @loader_path/Frameworks";
				PRODUCT_BUNDLE_IDENTIFIER = com.default.StarTrekTests;
				PRODUCT_NAME = "$(TARGET_NAME)";
				TEST_HOST = "$(BUILT_PRODUCTS_DIR)/StarTrek.app/StarTrek";
			};
			name = Debug;
		};
		9A902DF51CCF658B000EB20B /* Release */ = {
			isa = XCBuildConfiguration;
			buildSettings = {
				BUNDLE_LOADER = "$(TEST_HOST)";
				INFOPLIST_FILE = StarTrekTests/Info.plist;
				LD_RUNPATH_SEARCH_PATHS = "$(inherited) @executable_path/Frameworks @loader_path/Frameworks";
				PRODUCT_BUNDLE_IDENTIFIER = com.default.StarTrekTests;
				PRODUCT_NAME = "$(TARGET_NAME)";
				TEST_HOST = "$(BUILT_PRODUCTS_DIR)/StarTrek.app/StarTrek";
			};
			name = Release;
		};
		9A902DF71CCF658B000EB20B /* Debug */ = {
			isa = XCBuildConfiguration;
			buildSettings = {
				DEBUG_INFORMATION_FORMAT = dwarf;
				INFOPLIST_FILE = StarTrekUITests/Info.plist;
				LD_RUNPATH_SEARCH_PATHS = "$(inherited) @executable_path/Frameworks @loader_path/Frameworks";
				PRODUCT_BUNDLE_IDENTIFIER = com.default.StarTrekUITests;
				PRODUCT_NAME = "$(TARGET_NAME)";
				TEST_TARGET_NAME = StarTrek;
			};
			name = Debug;
		};
		9A902DF81CCF658B000EB20B /* Release */ = {
			isa = XCBuildConfiguration;
			buildSettings = {
				INFOPLIST_FILE = StarTrekUITests/Info.plist;
				LD_RUNPATH_SEARCH_PATHS = "$(inherited) @executable_path/Frameworks @loader_path/Frameworks";
				PRODUCT_BUNDLE_IDENTIFIER = com.default.StarTrekUITests;
				PRODUCT_NAME = "$(TARGET_NAME)";
				TEST_TARGET_NAME = StarTrek;
			};
			name = Release;
		};
/* End XCBuildConfiguration section */

/* Begin XCConfigurationList section */
		9A902DBF1CCF658A000EB20B /* Build configuration list for PBXProject "StarTrek" */ = {
			isa = XCConfigurationList;
			buildConfigurations = (
				9A902DEE1CCF658B000EB20B /* Debug */,
				9A902DEF1CCF658B000EB20B /* Release */,
			);
			defaultConfigurationIsVisible = 0;
			defaultConfigurationName = Release;
		};
		9A902DF01CCF658B000EB20B /* Build configuration list for PBXNativeTarget "StarTrek" */ = {
			isa = XCConfigurationList;
			buildConfigurations = (
				9A902DF11CCF658B000EB20B /* Debug */,
				9A902DF21CCF658B000EB20B /* Release */,
			);
			defaultConfigurationIsVisible = 0;
			defaultConfigurationName = Release;
		};
		9A902DF31CCF658B000EB20B /* Build configuration list for PBXNativeTarget "StarTrekTests" */ = {
			isa = XCConfigurationList;
			buildConfigurations = (
				9A902DF41CCF658B000EB20B /* Debug */,
				9A902DF51CCF658B000EB20B /* Release */,
			);
			defaultConfigurationIsVisible = 0;
			defaultConfigurationName = Release;
		};
		9A902DF61CCF658B000EB20B /* Build configuration list for PBXNativeTarget "StarTrekUITests" */ = {
			isa = XCConfigurationList;
			buildConfigurations = (
				9A902DF71CCF658B000EB20B /* Debug */,
				9A902DF81CCF658B000EB20B /* Release */,
			);
			defaultConfigurationIsVisible = 0;
			defaultConfigurationName = Release;
		};
/* End XCConfigurationList section */
	};
	rootObject = 9A902DBC1CCF658A000EB20B /* Project object */;
}
